
Microsoft Visual Studio Solution File, Format Version 12.00
# Visual Studio Version 17
VisualStudioVersion = 17.1.32328.378
MinimumVisualStudioVersion = 10.0.40219.1
Project("{9A19103F-16F7-4668-BE54-9A1E7A4F7556}") = "TestNinja", "TestNinja\TestNinja.csproj", "{708650CE-4BA2-4995-9F21-E0999CDFBB11}"
EndProject
Project("{FAE04EC0-301F-11D3-BF4B-00C04F79EFBC}") = "TestNinja.UTests", "TestNinja.UTests\TestNinja.UTests.csproj", "{793C85B5-7220-49ED-9CD7-D214CC8F20A6}"
EndProject
Global
	GlobalSection(SolutionConfigurationPlatforms) = preSolution
		Debug|Any CPU = Debug|Any CPU
		Release|Any CPU = Release|Any CPU
	EndGlobalSection
	GlobalSection(ProjectConfigurationPlatforms) = postSolution
		{708650CE-4BA2-4995-9F21-E0999CDFBB11}.Debug|Any CPU.ActiveCfg = Debug|Any CPU
		{708650CE-4BA2-4995-9F21-E0999CDFBB11}.Debug|Any CPU.Build.0 = Debug|Any CPU
		{708650CE-4BA2-4995-9F21-E0999CDFBB11}.Release|Any CPU.ActiveCfg = Release|Any CPU
		{708650CE-4BA2-4995-9F21-E0999CDFBB11}.Release|Any CPU.Build.0 = Release|Any CPU
		{793C85B5-7220-49ED-9CD7-D214CC8F20A6}.Debug|Any CPU.ActiveCfg = Debug|Any CPU
		{793C85B5-7220-49ED-9CD7-D214CC8F20A6}.Debug|Any CPU.Build.0 = Debug|Any CPU
		{793C85B5-7220-49ED-9CD7-D214CC8F20A6}.Release|Any CPU.ActiveCfg = Release|Any CPU
		{793C85B5-7220-49ED-9CD7-D214CC8F20A6}.Release|Any CPU.Build.0 = Release|Any CPU
	EndGlobalSection
	GlobalSection(SolutionProperties) = preSolution
		HideSolutionNode = FALSE
	EndGlobalSection
	GlobalSection(ExtensibilityGlobals) = postSolution
		SolutionGuid = {515B402A-381F-417B-8C35-AA20BAD17E75}
	EndGlobalSection
EndGlobal
